// !$*UTF8*$!
{
	archiveVersion = 1;
	classes = {
	};
	objectVersion = 50;
	objects = {

/* Begin PBXBuildFile section */
		9D1664BC21F6B43F00F151B4 /* QMRSA.m in Sources */ = {isa = PBXBuildFile; fileRef = 9D1664BA21F6B43F00F151B4 /* QMRSA.m */; };
		9D689DA7219FFF8800634F99 /* QPlayAutoDefine.h in Copy Files */ = {isa = PBXBuildFile; fileRef = 9D689DA6219FFF6E00634F99 /* QPlayAutoDefine.h */; };
		9DA98F75219030C200247F22 /* QPlayAutoSDK.m in Sources */ = {isa = PBXBuildFile; fileRef = 9DA98F74219030C200247F22 /* QPlayAutoSDK.m */; };
		9DA98F76219030C200247F22 /* QPlayAutoSDK.h in Copy Files */ = {isa = PBXBuildFile; fileRef = 9DA98F73219030C200247F22 /* QPlayAutoSDK.h */; };
		9DA98F96219035A700247F22 /* GCDAsyncSocket.m in Sources */ = {isa = PBXBuildFile; fileRef = 9DA98F93219035A700247F22 /* GCDAsyncSocket.m */; };
		9DA98F97219035A700247F22 /* GCDAsyncUdpSocket.m in Sources */ = {isa = PBXBuildFile; fileRef = 9DA98F95219035A700247F22 /* GCDAsyncUdpSocket.m */; };
		9DA98F9B219036D300247F22 /* DiscoverSocket.m in Sources */ = {isa = PBXBuildFile; fileRef = 9DA98F9A219036D300247F22 /* DiscoverSocket.m */; };
		9DA98F9E2190371D00247F22 /* QMNetworkHelper.m in Sources */ = {isa = PBXBuildFile; fileRef = 9DA98F9D2190371D00247F22 /* QMNetworkHelper.m */; };
		9DA98FA5219038E600247F22 /* CommandSocket.m in Sources */ = {isa = PBXBuildFile; fileRef = 9DA98FA4219038E600247F22 /* CommandSocket.m */; };
		9DA98FA821903A3C00247F22 /* DataSocket.m in Sources */ = {isa = PBXBuildFile; fileRef = 9DA98FA721903A3C00247F22 /* DataSocket.m */; };
		9DA98FAB21903A6A00247F22 /* HeartbeatSocket.m in Sources */ = {isa = PBXBuildFile; fileRef = 9DA98FAA21903A6A00247F22 /* HeartbeatSocket.m */; };
		9DA98FAE21903B3000247F22 /* ResultSocket.m in Sources */ = {isa = PBXBuildFile; fileRef = 9DA98FAD21903B3000247F22 /* ResultSocket.m */; };
		9DA98FD721903EDF00247F22 /* QPlayAutoEntity.m in Sources */ = {isa = PBXBuildFile; fileRef = 9DA98FD621903EDF00247F22 /* QPlayAutoEntity.m */; };
		9DA98FDA21903F2900247F22 /* QPlayAutoManager.m in Sources */ = {isa = PBXBuildFile; fileRef = 9DA98FD921903F2900247F22 /* QPlayAutoManager.m */; };
		9DA98FE72192824400247F22 /* QQMusicUtils.m in Sources */ = {isa = PBXBuildFile; fileRef = 9DA98FE62192824400247F22 /* QQMusicUtils.m */; };
/* End PBXBuildFile section */

/* Begin PBXCopyFilesBuildPhase section */
		9DA98F6E219030C200247F22 /* Copy Files */ = {
			isa = PBXCopyFilesBuildPhase;
			buildActionMask = 2147483647;
			dstPath = include;
			dstSubfolderSpec = 16;
			files = (
				9D689DA7219FFF8800634F99 /* QPlayAutoDefine.h in Copy Files */,
				9DA98F76219030C200247F22 /* QPlayAutoSDK.h in Copy Files */,
			);
			name = "Copy Files";
			runOnlyForDeploymentPostprocessing = 0;
		};
/* End PBXCopyFilesBuildPhase section */

/* Begin PBXFileReference section */
		9D1664BA21F6B43F00F151B4 /* QMRSA.m */ = {isa = PBXFileReference; fileEncoding = 4; lastKnownFileType = sourcecode.c.objc; path = QMRSA.m; sourceTree = "<group>"; };
		9D1664BB21F6B43F00F151B4 /* QMRSA.h */ = {isa = PBXFileReference; fileEncoding = 4; lastKnownFileType = sourcecode.c.h; path = QMRSA.h; sourceTree = "<group>"; };
		9D689DA6219FFF6E00634F99 /* QPlayAutoDefine.h */ = {isa = PBXFileReference; lastKnownFileType = sourcecode.c.h; path = QPlayAutoDefine.h; sourceTree = "<group>"; };
		9DA98F70219030C200247F22 /* libQPlayAutoSDK.a */ = {isa = PBXFileReference; explicitFileType = archive.ar; includeInIndex = 0; path = libQPlayAutoSDK.a; sourceTree = BUILT_PRODUCTS_DIR; };
		9DA98F73219030C200247F22 /* QPlayAutoSDK.h */ = {isa = PBXFileReference; lastKnownFileType = sourcecode.c.h; path = QPlayAutoSDK.h; sourceTree = "<group>"; };
		9DA98F74219030C200247F22 /* QPlayAutoSDK.m */ = {isa = PBXFileReference; lastKnownFileType = sourcecode.c.objc; path = QPlayAutoSDK.m; sourceTree = "<group>"; };
		9DA98F90219035A700247F22 /* CocoaAsyncSocket.h */ = {isa = PBXFileReference; fileEncoding = 4; lastKnownFileType = sourcecode.c.h; path = CocoaAsyncSocket.h; sourceTree = "<group>"; };
		9DA98F92219035A700247F22 /* GCDAsyncSocket.h */ = {isa = PBXFileReference; fileEncoding = 4; lastKnownFileType = sourcecode.c.h; path = GCDAsyncSocket.h; sourceTree = "<group>"; };
		9DA98F93219035A700247F22 /* GCDAsyncSocket.m */ = {isa = PBXFileReference; fileEncoding = 4; lastKnownFileType = sourcecode.c.objc; path = GCDAsyncSocket.m; sourceTree = "<group>"; };
		9DA98F94219035A700247F22 /* GCDAsyncUdpSocket.h */ = {isa = PBXFileReference; fileEncoding = 4; lastKnownFileType = sourcecode.c.h; path = GCDAsyncUdpSocket.h; sourceTree = "<group>"; };
		9DA98F95219035A700247F22 /* GCDAsyncUdpSocket.m */ = {isa = PBXFileReference; fileEncoding = 4; lastKnownFileType = sourcecode.c.objc; path = GCDAsyncUdpSocket.m; sourceTree = "<group>"; };
		9DA98F99219036D300247F22 /* DiscoverSocket.h */ = {isa = PBXFileReference; lastKnownFileType = sourcecode.c.h; path = DiscoverSocket.h; sourceTree = "<group>"; };
		9DA98F9A219036D300247F22 /* DiscoverSocket.m */ = {isa = PBXFileReference; lastKnownFileType = sourcecode.c.objc; path = DiscoverSocket.m; sourceTree = "<group>"; };
		9DA98F9C2190371D00247F22 /* QMNetworkHelper.h */ = {isa = PBXFileReference; lastKnownFileType = sourcecode.c.h; path = QMNetworkHelper.h; sourceTree = "<group>"; };
		9DA98F9D2190371D00247F22 /* QMNetworkHelper.m */ = {isa = PBXFileReference; lastKnownFileType = sourcecode.c.objc; path = QMNetworkHelper.m; sourceTree = "<group>"; };
		9DA98F9F219037E100247F22 /* QMMacros.h */ = {isa = PBXFileReference; lastKnownFileType = sourcecode.c.h; path = QMMacros.h; sourceTree = "<group>"; };
		9DA98FA3219038E600247F22 /* CommandSocket.h */ = {isa = PBXFileReference; fileEncoding = 4; lastKnownFileType = sourcecode.c.h; path = CommandSocket.h; sourceTree = "<group>"; };
		9DA98FA4219038E600247F22 /* CommandSocket.m */ = {isa = PBXFileReference; fileEncoding = 4; lastKnownFileType = sourcecode.c.objc; path = CommandSocket.m; sourceTree = "<group>"; };
		9DA98FA621903A3C00247F22 /* DataSocket.h */ = {isa = PBXFileReference; lastKnownFileType = sourcecode.c.h; path = DataSocket.h; sourceTree = "<group>"; };
		9DA98FA721903A3C00247F22 /* DataSocket.m */ = {isa = PBXFileReference; lastKnownFileType = sourcecode.c.objc; path = DataSocket.m; sourceTree = "<group>"; };
		9DA98FA921903A6A00247F22 /* HeartbeatSocket.h */ = {isa = PBXFileReference; lastKnownFileType = sourcecode.c.h; path = HeartbeatSocket.h; sourceTree = "<group>"; };
		9DA98FAA21903A6A00247F22 /* HeartbeatSocket.m */ = {isa = PBXFileReference; lastKnownFileType = sourcecode.c.objc; path = HeartbeatSocket.m; sourceTree = "<group>"; };
		9DA98FAC21903B3000247F22 /* ResultSocket.h */ = {isa = PBXFileReference; lastKnownFileType = sourcecode.c.h; path = ResultSocket.h; sourceTree = "<group>"; };
		9DA98FAD21903B3000247F22 /* ResultSocket.m */ = {isa = PBXFileReference; lastKnownFileType = sourcecode.c.objc; path = ResultSocket.m; sourceTree = "<group>"; };
		9DA98FD521903EDF00247F22 /* QPlayAutoEntity.h */ = {isa = PBXFileReference; fileEncoding = 4; lastKnownFileType = sourcecode.c.h; path = QPlayAutoEntity.h; sourceTree = "<group>"; };
		9DA98FD621903EDF00247F22 /* QPlayAutoEntity.m */ = {isa = PBXFileReference; fileEncoding = 4; lastKnownFileType = sourcecode.c.objc; path = QPlayAutoEntity.m; sourceTree = "<group>"; };
		9DA98FD821903F2900247F22 /* QPlayAutoManager.h */ = {isa = PBXFileReference; lastKnownFileType = sourcecode.c.h; path = QPlayAutoManager.h; sourceTree = "<group>"; };
		9DA98FD921903F2900247F22 /* QPlayAutoManager.m */ = {isa = PBXFileReference; lastKnownFileType = sourcecode.c.objc; path = QPlayAutoManager.m; sourceTree = "<group>"; };
		9DA98FE52192824400247F22 /* QQMusicUtils.h */ = {isa = PBXFileReference; lastKnownFileType = sourcecode.c.h; path = QQMusicUtils.h; sourceTree = "<group>"; };
		9DA98FE62192824400247F22 /* QQMusicUtils.m */ = {isa = PBXFileReference; lastKnownFileType = sourcecode.c.objc; path = QQMusicUtils.m; sourceTree = "<group>"; };
/* End PBXFileReference section */

/* Begin PBXFrameworksBuildPhase section */
		9DA98F6D219030C200247F22 /* Frameworks */ = {
			isa = PBXFrameworksBuildPhase;
			buildActionMask = 2147483647;
			files = (
			);
			runOnlyForDeploymentPostprocessing = 0;
		};
/* End PBXFrameworksBuildPhase section */

/* Begin PBXGroup section */
		9DA98F67219030C200247F22 = {
			isa = PBXGroup;
			children = (
				9DA98F72219030C200247F22 /* QPlayAutoSDK */,
				9DA98F71219030C200247F22 /* Products */,
			);
			sourceTree = "<group>";
		};
		9DA98F71219030C200247F22 /* Products */ = {
			isa = PBXGroup;
			children = (
				9DA98F70219030C200247F22 /* libQPlayAutoSDK.a */,
			);
			name = Products;
			sourceTree = "<group>";
		};
		9DA98F72219030C200247F22 /* QPlayAutoSDK */ = {
			isa = PBXGroup;
			children = (
				9D1664BB21F6B43F00F151B4 /* QMRSA.h */,
				9D1664BA21F6B43F00F151B4 /* QMRSA.m */,
				9DA98FAF21903CDC00247F22 /* Model */,
				9DA98F982190367C00247F22 /* Network */,
				9DA98F8F2190358B00247F22 /* CocoaAsyncSocket */,
				9DA98F73219030C200247F22 /* QPlayAutoSDK.h */,
				9DA98F74219030C200247F22 /* QPlayAutoSDK.m */,
				9DA98F9F219037E100247F22 /* QMMacros.h */,
				9DA98FD821903F2900247F22 /* QPlayAutoManager.h */,
				9DA98FD921903F2900247F22 /* QPlayAutoManager.m */,
				9DA98FE52192824400247F22 /* QQMusicUtils.h */,
				9DA98FE62192824400247F22 /* QQMusicUtils.m */,
				9D689DA6219FFF6E00634F99 /* QPlayAutoDefine.h */,
			);
			path = QPlayAutoSDK;
			sourceTree = "<group>";
		};
		9DA98F8F2190358B00247F22 /* CocoaAsyncSocket */ = {
			isa = PBXGroup;
			children = (
				9DA98F90219035A700247F22 /* CocoaAsyncSocket.h */,
				9DA98F91219035A700247F22 /* GCD */,
			);
			path = CocoaAsyncSocket;
			sourceTree = "<group>";
		};
		9DA98F91219035A700247F22 /* GCD */ = {
			isa = PBXGroup;
			children = (
				9DA98F92219035A700247F22 /* GCDAsyncSocket.h */,
				9DA98F93219035A700247F22 /* GCDAsyncSocket.m */,
				9DA98F94219035A700247F22 /* GCDAsyncUdpSocket.h */,
				9DA98F95219035A700247F22 /* GCDAsyncUdpSocket.m */,
			);
			path = GCD;
			sourceTree = "<group>";
		};
		9DA98F982190367C00247F22 /* Network */ = {
			isa = PBXGroup;
			children = (
				9DA98FA3219038E600247F22 /* CommandSocket.h */,
				9DA98FA4219038E600247F22 /* CommandSocket.m */,
				9DA98F99219036D300247F22 /* DiscoverSocket.h */,
				9DA98F9A219036D300247F22 /* DiscoverSocket.m */,
				9DA98F9C2190371D00247F22 /* QMNetworkHelper.h */,
				9DA98F9D2190371D00247F22 /* QMNetworkHelper.m */,
				9DA98FA621903A3C00247F22 /* DataSocket.h */,
				9DA98FA721903A3C00247F22 /* DataSocket.m */,
				9DA98FA921903A6A00247F22 /* HeartbeatSocket.h */,
				9DA98FAA21903A6A00247F22 /* HeartbeatSocket.m */,
				9DA98FAC21903B3000247F22 /* ResultSocket.h */,
				9DA98FAD21903B3000247F22 /* ResultSocket.m */,
			);
			path = Network;
			sourceTree = "<group>";
		};
		9DA98FAF21903CDC00247F22 /* Model */ = {
			isa = PBXGroup;
			children = (
				9DA98FD521903EDF00247F22 /* QPlayAutoEntity.h */,
				9DA98FD621903EDF00247F22 /* QPlayAutoEntity.m */,
			);
			path = Model;
			sourceTree = "<group>";
		};
/* End PBXGroup section */

/* Begin PBXNativeTarget section */
		9DA98F6F219030C200247F22 /* QPlayAutoSDK */ = {
			isa = PBXNativeTarget;
			buildConfigurationList = 9DA98F79219030C200247F22 /* Build configuration list for PBXNativeTarget "QPlayAutoSDK" */;
			buildPhases = (
				9DA98F6C219030C200247F22 /* Sources */,
				9DA98F6D219030C200247F22 /* Frameworks */,
				9DA98F6E219030C200247F22 /* Copy Files */,
			);
			buildRules = (
			);
			dependencies = (
			);
			name = QPlayAutoSDK;
			productName = QPlayLinkSDK;
			productReference = 9DA98F70219030C200247F22 /* libQPlayAutoSDK.a */;
			productType = "com.apple.product-type.library.static";
		};
/* End PBXNativeTarget section */

/* Begin PBXProject section */
		9DA98F68219030C200247F22 /* Project object */ = {
			isa = PBXProject;
			attributes = {
				LastUpgradeCheck = 1000;
				ORGANIZATIONNAME = "腾讯音乐";
				TargetAttributes = {
					9DA98F6F219030C200247F22 = {
						CreatedOnToolsVersion = 10.0;
					};
				};
			};
			buildConfigurationList = 9DA98F6B219030C200247F22 /* Build configuration list for PBXProject "QPlayAutoSDK" */;
			compatibilityVersion = "Xcode 9.3";
			developmentRegion = en;
			hasScannedForEncodings = 0;
			knownRegions = (
				en,
			);
			mainGroup = 9DA98F67219030C200247F22;
			productRefGroup = 9DA98F71219030C200247F22 /* Products */;
			projectDirPath = "";
			projectRoot = "";
			targets = (
				9DA98F6F219030C200247F22 /* QPlayAutoSDK */,
			);
		};
/* End PBXProject section */

/* Begin PBXSourcesBuildPhase section */
		9DA98F6C219030C200247F22 /* Sources */ = {
			isa = PBXSourcesBuildPhase;
			buildActionMask = 2147483647;
			files = (
				9DA98FA5219038E600247F22 /* CommandSocket.m in Sources */,
				9DA98F96219035A700247F22 /* GCDAsyncSocket.m in Sources */,
				9DA98F9E2190371D00247F22 /* QMNetworkHelper.m in Sources */,
				9DA98F97219035A700247F22 /* GCDAsyncUdpSocket.m in Sources */,
				9DA98FDA21903F2900247F22 /* QPlayAutoManager.m in Sources */,
				9DA98FE72192824400247F22 /* QQMusicUtils.m in Sources */,
				9DA98FA821903A3C00247F22 /* DataSocket.m in Sources */,
				9DA98FAE21903B3000247F22 /* ResultSocket.m in Sources */,
				9D1664BC21F6B43F00F151B4 /* QMRSA.m in Sources */,
				9DA98FAB21903A6A00247F22 /* HeartbeatSocket.m in Sources */,
				9DA98F75219030C200247F22 /* QPlayAutoSDK.m in Sources */,
				9DA98F9B219036D300247F22 /* DiscoverSocket.m in Sources */,
				9DA98FD721903EDF00247F22 /* QPlayAutoEntity.m in Sources */,
			);
			runOnlyForDeploymentPostprocessing = 0;
		};
/* End PBXSourcesBuildPhase section */

/* Begin XCBuildConfiguration section */
		9DA98F77219030C200247F22 /* Debug */ = {
			isa = XCBuildConfiguration;
			buildSettings = {
				ALWAYS_SEARCH_USER_PATHS = NO;
				CLANG_ANALYZER_NONNULL = YES;
				CLANG_ANALYZER_NUMBER_OBJECT_CONVERSION = YES_AGGRESSIVE;
				CLANG_CXX_LANGUAGE_STANDARD = "gnu++14";
				CLANG_CXX_LIBRARY = "libc++";
				CLANG_ENABLE_MODULES = YES;
				CLANG_ENABLE_OBJC_ARC = YES;
				CLANG_ENABLE_OBJC_WEAK = YES;
				CLANG_WARN_BLOCK_CAPTURE_AUTORELEASING = YES;
				CLANG_WARN_BOOL_CONVERSION = YES;
				CLANG_WARN_COMMA = YES;
				CLANG_WARN_CONSTANT_CONVERSION = YES;
				CLANG_WARN_DEPRECATED_OBJC_IMPLEMENTATIONS = YES;
				CLANG_WARN_DIRECT_OBJC_ISA_USAGE = YES_ERROR;
				CLANG_WARN_DOCUMENTATION_COMMENTS = YES;
				CLANG_WARN_EMPTY_BODY = YES;
				CLANG_WARN_ENUM_CONVERSION = YES;
				CLANG_WARN_INFINITE_RECURSION = YES;
				CLANG_WARN_INT_CONVERSION = YES;
				CLANG_WARN_NON_LITERAL_NULL_CONVERSION = YES;
				CLANG_WARN_OBJC_IMPLICIT_RETAIN_SELF = YES;
				CLANG_WARN_OBJC_LITERAL_CONVERSION = YES;
				CLANG_WARN_OBJC_ROOT_CLASS = YES_ERROR;
				CLANG_WARN_RANGE_LOOP_ANALYSIS = YES;
				CLANG_WARN_STRICT_PROTOTYPES = YES;
				CLANG_WARN_SUSPICIOUS_MOVE = YES;
				CLANG_WARN_UNGUARDED_AVAILABILITY = YES_AGGRESSIVE;
				CLANG_WARN_UNREACHABLE_CODE = YES;
				CLANG_WARN__DUPLICATE_METHOD_MATCH = YES;
				CODE_SIGN_IDENTITY = "iPhone Developer";
				COPY_PHASE_STRIP = NO;
				DEBUG_INFORMATION_FORMAT = dwarf;
				ENABLE_STRICT_OBJC_MSGSEND = YES;
				ENABLE_TESTABILITY = YES;
				GCC_C_LANGUAGE_STANDARD = gnu11;
				GCC_DYNAMIC_NO_PIC = NO;
				GCC_NO_COMMON_BLOCKS = YES;
				GCC_OPTIMIZATION_LEVEL = 0;
				GCC_PREPROCESSOR_DEFINITIONS = (
					"DEBUG=1",
					"$(inherited)",
				);
				GCC_WARN_64_TO_32_BIT_CONVERSION = YES;
				GCC_WARN_ABOUT_RETURN_TYPE = YES_ERROR;
				GCC_WARN_UNDECLARED_SELECTOR = YES;
				GCC_WARN_UNINITIALIZED_AUTOS = YES_AGGRESSIVE;
				GCC_WARN_UNUSED_FUNCTION = YES;
				GCC_WARN_UNUSED_VARIABLE = YES;
				IPHONEOS_DEPLOYMENT_TARGET = 8.0;
				MTL_ENABLE_DEBUG_INFO = INCLUDE_SOURCE;
				ONLY_ACTIVE_ARCH = YES;
				SDKROOT = iphoneos;
			};
			name = Debug;
		};
		9DA98F78219030C200247F22 /* Release */ = {
			isa = XCBuildConfiguration;
			buildSettings = {
				ALWAYS_SEARCH_USER_PATHS = NO;
				CLANG_ANALYZER_NONNULL = YES;
				CLANG_ANALYZER_NUMBER_OBJECT_CONVERSION = YES_AGGRESSIVE;
				CLANG_CXX_LANGUAGE_STANDARD = "gnu++14";
				CLANG_CXX_LIBRARY = "libc++";
				CLANG_ENABLE_MODULES = YES;
				CLANG_ENABLE_OBJC_ARC = YES;
				CLANG_ENABLE_OBJC_WEAK = YES;
				CLANG_WARN_BLOCK_CAPTURE_AUTORELEASING = YES;
				CLANG_WARN_BOOL_CONVERSION = YES;
				CLANG_WARN_COMMA = YES;
				CLANG_WARN_CONSTANT_CONVERSION = YES;
				CLANG_WARN_DEPRECATED_OBJC_IMPLEMENTATIONS = YES;
				CLANG_WARN_DIRECT_OBJC_ISA_USAGE = YES_ERROR;
				CLANG_WARN_DOCUMENTATION_COMMENTS = YES;
				CLANG_WARN_EMPTY_BODY = YES;
				CLANG_WARN_ENUM_CONVERSION = YES;
				CLANG_WARN_INFINITE_RECURSION = YES;
				CLANG_WARN_INT_CONVERSION = YES;
				CLANG_WARN_NON_LITERAL_NULL_CONVERSION = YES;
				CLANG_WARN_OBJC_IMPLICIT_RETAIN_SELF = YES;
				CLANG_WARN_OBJC_LITERAL_CONVERSION = YES;
				CLANG_WARN_OBJC_ROOT_CLASS = YES_ERROR;
				CLANG_WARN_RANGE_LOOP_ANALYSIS = YES;
				CLANG_WARN_STRICT_PROTOTYPES = YES;
				CLANG_WARN_SUSPICIOUS_MOVE = YES;
				CLANG_WARN_UNGUARDED_AVAILABILITY = YES_AGGRESSIVE;
				CLANG_WARN_UNREACHABLE_CODE = YES;
				CLANG_WARN__DUPLICATE_METHOD_MATCH = YES;
				CODE_SIGN_IDENTITY = "iPhone Developer";
				COPY_PHASE_STRIP = NO;
				DEBUG_INFORMATION_FORMAT = "dwarf-with-dsym";
				ENABLE_NS_ASSERTIONS = NO;
				ENABLE_STRICT_OBJC_MSGSEND = YES;
				GCC_C_LANGUAGE_STANDARD = gnu11;
				GCC_NO_COMMON_BLOCKS = YES;
				GCC_WARN_64_TO_32_BIT_CONVERSION = YES;
				GCC_WARN_ABOUT_RETURN_TYPE = YES_ERROR;
				GCC_WARN_UNDECLARED_SELECTOR = YES;
				GCC_WARN_UNINITIALIZED_AUTOS = YES_AGGRESSIVE;
				GCC_WARN_UNUSED_FUNCTION = YES;
				GCC_WARN_UNUSED_VARIABLE = YES;
				IPHONEOS_DEPLOYMENT_TARGET = 8.0;
				MTL_ENABLE_DEBUG_INFO = NO;
				SDKROOT = iphoneos;
				VALIDATE_PRODUCT = YES;
			};
			name = Release;
		};
		9DA98F7A219030C200247F22 /* Debug */ = {
			isa = XCBuildConfiguration;
			buildSettings = {
				CODE_SIGN_STYLE = Automatic;
				OTHER_LDFLAGS = "-ObjC";
				PRODUCT_NAME = "$(TARGET_NAME)";
				SKIP_INSTALL = YES;
				TARGETED_DEVICE_FAMILY = "1,2";
			};
			name = Debug;
		};
		9DA98F7B219030C200247F22 /* Release */ = {
			isa = XCBuildConfiguration;
			buildSettings = {
				CODE_SIGN_STYLE = Automatic;
				OTHER_LDFLAGS = "-ObjC";
				PRODUCT_NAME = "$(TARGET_NAME)";
				SKIP_INSTALL = YES;
				TARGETED_DEVICE_FAMILY = "1,2";
			};
			name = Release;
		};
/* End XCBuildConfiguration section */

/* Begin XCConfigurationList section */
		9DA98F6B219030C200247F22 /* Build configuration list for PBXProject "QPlayAutoSDK" */ = {
			isa = XCConfigurationList;
			buildConfigurations = (
				9DA98F77219030C200247F22 /* Debug */,
				9DA98F78219030C200247F22 /* Release */,
			);
			defaultConfigurationIsVisible = 0;
			defaultConfigurationName = Release;
		};
		9DA98F79219030C200247F22 /* Build configuration list for PBXNativeTarget "QPlayAutoSDK" */ = {
			isa = XCConfigurationList;
			buildConfigurations = (
				9DA98F7A219030C200247F22 /* Debug */,
				9DA98F7B219030C200247F22 /* Release */,
			);
			defaultConfigurationIsVisible = 0;
			defaultConfigurationName = Release;
		};
/* End XCConfigurationList section */
	};
	rootObject = 9DA98F68219030C200247F22 /* Project object */;
}
